
Microsoft Visual Studio Solution File, Format Version 12.00
# Visual Studio 15
VisualStudioVersion = 15.0.28307.421
MinimumVisualStudioVersion = 10.0.40219.1
Project("{FAE04EC0-301F-11D3-BF4B-00C04F79EFBC}") = "PuppyBreeding.WebMVC", "PuppyBreeding.WebMVC\PuppyBreeding.WebMVC.csproj", "{12D4618D-A308-4799-879A-415ABC7F143D}"
EndProject
Global
	GlobalSection(SolutionConfigurationPlatforms) = preSolution
		Debug|Any CPU = Debug|Any CPU
		Release|Any CPU = Release|Any CPU
	EndGlobalSection
	GlobalSection(ProjectConfigurationPlatforms) = postSolution
		{12D4618D-A308-4799-879A-415ABC7F143D}.Debug|Any CPU.ActiveCfg = Debug|Any CPU
		{12D4618D-A308-4799-879A-415ABC7F143D}.Debug|Any CPU.Build.0 = Debug|Any CPU
		{12D4618D-A308-4799-879A-415ABC7F143D}.Release|Any CPU.ActiveCfg = Release|Any CPU
		{12D4618D-A308-4799-879A-415ABC7F143D}.Release|Any CPU.Build.0 = Release|Any CPU
	EndGlobalSection
	GlobalSection(SolutionProperties) = preSolution
		HideSolutionNode = FALSE
	EndGlobalSection
	GlobalSection(ExtensibilityGlobals) = postSolution
		SolutionGuid = {FF3A1AF9-2F6B-4260-B346-D3C5A34B3CC5}
	EndGlobalSection
EndGlobal
